{
  "version": 4,
  "terraform_version": "1.3.3",
  "serial": 5,
  "lineage": "fe389a85-21ce-c944-d550-a9628a58266d",
  "outputs": {
    "container_ipv4_address": {
      "value": "4.236.216.246",
      "type": "string"
    }
  },
  "resources": [
    {
      "mode": "managed",
      "type": "azurerm_container_group",
      "name": "container",
      "provider": "provider[\"registry.terraform.io/hashicorp/azurerm\"]",
      "instances": [
        {
          "schema_version": 0,
          "attributes": {
            "container": [
              {
                "commands": [],
                "cpu": 1,
                "cpu_limit": 0,
                "environment_variables": null,
                "gpu": [],
                "gpu_limit": [],
                "image": "mcr.microsoft.com/azuredocs/aci-helloworld",
                "liveness_probe": [],
                "memory": 2,
                "memory_limit": 0,
                "name": "aci-cmsgx3i0rfw9thnzrbqw05xyb",
                "ports": [
                  {
                    "port": 80,
                    "protocol": "TCP"
                  }
                ],
                "readiness_probe": [],
                "secure_environment_variables": null,
                "security": [],
                "volume": []
              }
            ],
            "diagnostics": [],
            "dns_config": [],
            "dns_name_label": "",
            "dns_name_label_reuse_policy": "Unsecure",
            "exposed_port": [
              {
                "port": 80,
                "protocol": "TCP"
              }
            ],
            "fqdn": "",
            "id": "/subscriptions/60979827-286e-4ad2-88b6-3239d0922cf3/resourceGroups/rg-holy-slug/providers/Microsoft.ContainerInstance/containerGroups/acigroup-cmsgx3i0rfw9thnzrbqw05xyb",
            "identity": [],
            "image_registry_credential": [],
            "init_container": [],
            "ip_address": "4.236.216.246",
            "ip_address_type": "Public",
            "key_vault_key_id": null,
            "key_vault_user_assigned_identity_id": null,
            "location": "eastus",
            "name": "acigroup-cmsgx3i0rfw9thnzrbqw05xyb",
            "network_profile_id": null,
            "os_type": "Linux",
            "priority": "",
            "resource_group_name": "rg-holy-slug",
            "restart_policy": "Always",
            "sku": "Standard",
            "subnet_ids": null,
            "tags": null,
            "timeouts": null,
            "zones": null
          },
          "sensitive_attributes": [],
          "private": "eyJlMmJmYjczMC1lY2FhLTExZTYtOGY4OC0zNDM2M2JjN2M0YzAiOnsiY3JlYXRlIjoxODAwMDAwMDAwMDAwLCJkZWxldGUiOjE4MDAwMDAwMDAwMDAsInJlYWQiOjMwMDAwMDAwMDAwMCwidXBkYXRlIjoxODAwMDAwMDAwMDAwfX0=",
          "dependencies": [
            "azurerm_resource_group.rg",
            "random_pet.rg_name",
            "random_string.container_name"
          ]
        }
      ]
    },
    {
      "mode": "managed",
      "type": "azurerm_resource_group",
      "name": "rg",
      "provider": "provider[\"registry.terraform.io/hashicorp/azurerm\"]",
      "instances": [
        {
          "schema_version": 0,
          "attributes": {
            "id": "/subscriptions/60979827-286e-4ad2-88b6-3239d0922cf3/resourceGroups/rg-holy-slug",
            "location": "eastus",
            "managed_by": "",
            "name": "rg-holy-slug",
            "tags": null,
            "timeouts": null
          },
          "sensitive_attributes": [],
          "private": "eyJlMmJmYjczMC1lY2FhLTExZTYtOGY4OC0zNDM2M2JjN2M0YzAiOnsiY3JlYXRlIjo1NDAwMDAwMDAwMDAwLCJkZWxldGUiOjU0MDAwMDAwMDAwMDAsInJlYWQiOjMwMDAwMDAwMDAwMCwidXBkYXRlIjo1NDAwMDAwMDAwMDAwfX0=",
          "dependencies": [
            "random_pet.rg_name"
          ]
        }
      ]
    },
    {
      "mode": "managed",
      "type": "random_pet",
      "name": "rg_name",
      "provider": "provider[\"registry.terraform.io/hashicorp/random\"]",
      "instances": [
        {
          "schema_version": 0,
          "attributes": {
            "id": "rg-holy-slug",
            "keepers": null,
            "length": 2,
            "prefix": "rg",
            "separator": "-"
          },
          "sensitive_attributes": []
        }
      ]
    },
    {
      "mode": "managed",
      "type": "random_string",
      "name": "container_name",
      "provider": "provider[\"registry.terraform.io/hashicorp/random\"]",
      "instances": [
        {
          "schema_version": 2,
          "attributes": {
            "id": "cmsgx3i0rfw9thnzrbqw05xyb",
            "keepers": null,
            "length": 25,
            "lower": true,
            "min_lower": 0,
            "min_numeric": 0,
            "min_special": 0,
            "min_upper": 0,
            "number": true,
            "numeric": true,
            "override_special": null,
            "result": "cmsgx3i0rfw9thnzrbqw05xyb",
            "special": false,
            "upper": false
          },
          "sensitive_attributes": []
        }
      ]
    }
  ],
  "check_results": []
}
